
Microsoft Visual Studio Solution File, Format Version 12.00
Project("{FAE04EC0-301F-11D3-BF4B-00C04F79EFBC}") = "WebApi", "WebApi\WebApi.csproj", "{6B084921-C310-4676-AE93-FE63707499B3}"
EndProject
Project("{2150E333-8FDC-42A3-9474-1A3956D46DE8}") = "Solution Items", "Solution Items", "{FBBFC180-19CE-4C87-99DD-D4B1020DA9D8}"
	ProjectSection(SolutionItems) = preProject
		compose.yaml = compose.yaml
	EndProjectSection
EndProject
Project("{FAE04EC0-301F-11D3-BF4B-00C04F79EFBC}") = "WebAppWithControllers", "WebAppWithControllers\WebAppWithControllers.csproj", "{6DA43981-D3F1-41E9-8180-AA76C28FFCC1}"
EndProject
Global
	GlobalSection(SolutionConfigurationPlatforms) = preSolution
		Debug|Any CPU = Debug|Any CPU
		Release|Any CPU = Release|Any CPU
	EndGlobalSection
	GlobalSection(ProjectConfigurationPlatforms) = postSolution
		{6B084921-C310-4676-AE93-FE63707499B3}.Debug|Any CPU.ActiveCfg = Debug|Any CPU
		{6B084921-C310-4676-AE93-FE63707499B3}.Debug|Any CPU.Build.0 = Debug|Any CPU
		{6B084921-C310-4676-AE93-FE63707499B3}.Release|Any CPU.ActiveCfg = Release|Any CPU
		{6B084921-C310-4676-AE93-FE63707499B3}.Release|Any CPU.Build.0 = Release|Any CPU
		{6DA43981-D3F1-41E9-8180-AA76C28FFCC1}.Debug|Any CPU.ActiveCfg = Debug|Any CPU
		{6DA43981-D3F1-41E9-8180-AA76C28FFCC1}.Debug|Any CPU.Build.0 = Debug|Any CPU
		{6DA43981-D3F1-41E9-8180-AA76C28FFCC1}.Release|Any CPU.ActiveCfg = Release|Any CPU
		{6DA43981-D3F1-41E9-8180-AA76C28FFCC1}.Release|Any CPU.Build.0 = Release|Any CPU
	EndGlobalSection
EndGlobal
